
Microsoft Visual Studio Solution File, Format Version 12.00
# Visual Studio Version 17
VisualStudioVersion = 17.11.35208.52
MinimumVisualStudioVersion = 10.0.40219.1
Project("{FAE04EC0-301F-11D3-BF4B-00C04F79EFBC}") = "SisorsStonePaper_Project", "SisorsStonePaper_Project.csproj", "{4BD2503B-D797-4049-8A28-CCC6D80DF2FB}"
EndProject
Global
	GlobalSection(SolutionConfigurationPlatforms) = preSolution
		Debug|Any CPU = Debug|Any CPU
		Release|Any CPU = Release|Any CPU
	EndGlobalSection
	GlobalSection(ProjectConfigurationPlatforms) = postSolution
		{4BD2503B-D797-4049-8A28-CCC6D80DF2FB}.Debug|Any CPU.ActiveCfg = Debug|Any CPU
		{4BD2503B-D797-4049-8A28-CCC6D80DF2FB}.Debug|Any CPU.Build.0 = Debug|Any CPU
		{4BD2503B-D797-4049-8A28-CCC6D80DF2FB}.Release|Any CPU.ActiveCfg = Release|Any CPU
		{4BD2503B-D797-4049-8A28-CCC6D80DF2FB}.Release|Any CPU.Build.0 = Release|Any CPU
	EndGlobalSection
	GlobalSection(SolutionProperties) = preSolution
		HideSolutionNode = FALSE
	EndGlobalSection
	GlobalSection(ExtensibilityGlobals) = postSolution
		SolutionGuid = {5C5B14C1-9E71-4732-82CF-DDD16CEA53CB}
	EndGlobalSection
EndGlobal
